
Microsoft Visual Studio Solution File, Format Version 12.00
# Visual Studio 15
VisualStudioVersion = 15.0.27130.2026
MinimumVisualStudioVersion = 10.0.40219.1
Project("{FAE04EC0-301F-11D3-BF4B-00C04F79EFBC}") = "Api", "Api\Api.csproj", "{94ACBAD7-AC8F-4758-85DF-211ACF2D7253}"
EndProject
Global
	GlobalSection(SolutionConfigurationPlatforms) = preSolution
		Debug|Any CPU = Debug|Any CPU
		Release|Any CPU = Release|Any CPU
	EndGlobalSection
	GlobalSection(ProjectConfigurationPlatforms) = postSolution
		{94ACBAD7-AC8F-4758-85DF-211ACF2D7253}.Debug|Any CPU.ActiveCfg = Debug|Any CPU
		{94ACBAD7-AC8F-4758-85DF-211ACF2D7253}.Debug|Any CPU.Build.0 = Debug|Any CPU
		{94ACBAD7-AC8F-4758-85DF-211ACF2D7253}.Release|Any CPU.ActiveCfg = Release|Any CPU
		{94ACBAD7-AC8F-4758-85DF-211ACF2D7253}.Release|Any CPU.Build.0 = Release|Any CPU
	EndGlobalSection
	GlobalSection(SolutionProperties) = preSolution
		HideSolutionNode = FALSE
	EndGlobalSection
	GlobalSection(ExtensibilityGlobals) = postSolution
		SolutionGuid = {E9319C87-A2A3-4224-84F9-065E9BBC6950}
	EndGlobalSection
EndGlobal
